
Microsoft Visual Studio Solution File, Format Version 12.00
# Visual Studio 14
VisualStudioVersion = 14.0.25420.1
MinimumVisualStudioVersion = 10.0.40219.1
Project("{F184B08F-C81C-45F6-A57F-5ABD9991F28F}") = "NDM_SSIS-CA-master", "NDM_SSIS-CA-master\NDM_SSIS-CA-master.vbproj", "{B918EB4E-3343-43F3-A8F4-FB391EE8DEF1}"
EndProject
Global
	GlobalSection(SolutionConfigurationPlatforms) = preSolution
		Debug|Any CPU = Debug|Any CPU
		Release|Any CPU = Release|Any CPU
	EndGlobalSection
	GlobalSection(ProjectConfigurationPlatforms) = postSolution
		{B918EB4E-3343-43F3-A8F4-FB391EE8DEF1}.Debug|Any CPU.ActiveCfg = Debug|Any CPU
		{B918EB4E-3343-43F3-A8F4-FB391EE8DEF1}.Debug|Any CPU.Build.0 = Debug|Any CPU
		{B918EB4E-3343-43F3-A8F4-FB391EE8DEF1}.Release|Any CPU.ActiveCfg = Release|Any CPU
		{B918EB4E-3343-43F3-A8F4-FB391EE8DEF1}.Release|Any CPU.Build.0 = Release|Any CPU
	EndGlobalSection
	GlobalSection(SolutionProperties) = preSolution
		HideSolutionNode = FALSE
	EndGlobalSection
EndGlobal
